// !$*UTF8*$!
{
	archiveVersion = 1;
	classes = {
	};
	objectVersion = 56;
	objects = {

/* Begin PBXBuildFile section */
		789C710B51BFED7BF649A457 /* Pods_testesUnitarios_testesUnitariosUITests.framework in Frameworks */ = {isa = PBXBuildFile; fileRef = 2C9DCB017A04FA15F6DA930E /* Pods_testesUnitarios_testesUnitariosUITests.framework */; };
		B7DC6B8ED185C2BA92B6D60E /* Pods_testesUnitariosTests.framework in Frameworks */ = {isa = PBXBuildFile; fileRef = A8EA4A7F5E8040853110F767 /* Pods_testesUnitariosTests.framework */; };
		E21A61E52BE149FE00A2670C /* StringUtilsTests.swift in Sources */ = {isa = PBXBuildFile; fileRef = E21A61E42BE149FE00A2670C /* StringUtilsTests.swift */; };
		E21A61E72BE18B6C00A2670C /* BeforeEachAfterEachTests.swift in Sources */ = {isa = PBXBuildFile; fileRef = E21A61E62BE18B6C00A2670C /* BeforeEachAfterEachTests.swift */; };
		E2F483412BE0623E00A4D69C /* AppDelegate.swift in Sources */ = {isa = PBXBuildFile; fileRef = E2F483402BE0623E00A4D69C /* AppDelegate.swift */; };
		E2F483432BE0623E00A4D69C /* SceneDelegate.swift in Sources */ = {isa = PBXBuildFile; fileRef = E2F483422BE0623E00A4D69C /* SceneDelegate.swift */; };
		E2F483452BE0623E00A4D69C /* ViewController.swift in Sources */ = {isa = PBXBuildFile; fileRef = E2F483442BE0623E00A4D69C /* ViewController.swift */; };
		E2F483482BE0623E00A4D69C /* Base in Resources */ = {isa = PBXBuildFile; fileRef = E2F483472BE0623E00A4D69C /* Base */; };
		E2F4834A2BE0624000A4D69C /* Assets.xcassets in Resources */ = {isa = PBXBuildFile; fileRef = E2F483492BE0624000A4D69C /* Assets.xcassets */; };
		E2F4834D2BE0624000A4D69C /* Base in Resources */ = {isa = PBXBuildFile; fileRef = E2F4834C2BE0624000A4D69C /* Base */; };
		E2F483622BE0624100A4D69C /* testesUnitariosUITests.swift in Sources */ = {isa = PBXBuildFile; fileRef = E2F483612BE0624100A4D69C /* testesUnitariosUITests.swift */; };
		E2F483642BE0624100A4D69C /* testesUnitariosUITestsLaunchTests.swift in Sources */ = {isa = PBXBuildFile; fileRef = E2F483632BE0624100A4D69C /* testesUnitariosUITestsLaunchTests.swift */; };
		E2F483712BE064AC00A4D69C /* testesUnitariosTests.swift in Sources */ = {isa = PBXBuildFile; fileRef = E2F483572BE0624100A4D69C /* testesUnitariosTests.swift */; };
		E2F483742BE06DAE00A4D69C /* StringUtils.swift in Sources */ = {isa = PBXBuildFile; fileRef = E2F483732BE06DAE00A4D69C /* StringUtils.swift */; };
		E2F483762BE06E7E00A4D69C /* StringUtilsSpec.swift in Sources */ = {isa = PBXBuildFile; fileRef = E2F483752BE06E7E00A4D69C /* StringUtilsSpec.swift */; };
		E2F483782BE12B8900A4D69C /* AccountBalance.swift in Sources */ = {isa = PBXBuildFile; fileRef = E2F483772BE12B8900A4D69C /* AccountBalance.swift */; };
		E2F4837A2BE12BE800A4D69C /* AccountBalanceSpec.swift in Sources */ = {isa = PBXBuildFile; fileRef = E2F483792BE12BE800A4D69C /* AccountBalanceSpec.swift */; };
		EAB97D249285B00855D43E98 /* Pods_testesUnitarios.framework in Frameworks */ = {isa = PBXBuildFile; fileRef = B821E68ACE53472F288B3FB0 /* Pods_testesUnitarios.framework */; };
/* End PBXBuildFile section */

/* Begin PBXContainerItemProxy section */
		E2F483542BE0624100A4D69C /* PBXContainerItemProxy */ = {
			isa = PBXContainerItemProxy;
			containerPortal = E2F483352BE0623E00A4D69C /* Project object */;
			proxyType = 1;
			remoteGlobalIDString = E2F4833C2BE0623E00A4D69C;
			remoteInfo = testesUnitarios;
		};
		E2F4835E2BE0624100A4D69C /* PBXContainerItemProxy */ = {
			isa = PBXContainerItemProxy;
			containerPortal = E2F483352BE0623E00A4D69C /* Project object */;
			proxyType = 1;
			remoteGlobalIDString = E2F4833C2BE0623E00A4D69C;
			remoteInfo = testesUnitarios;
		};
/* End PBXContainerItemProxy section */

/* Begin PBXFileReference section */
		25458D875C125BE46900E5C4 /* Pods-testesUnitariosTests.release.xcconfig */ = {isa = PBXFileReference; includeInIndex = 1; lastKnownFileType = text.xcconfig; name = "Pods-testesUnitariosTests.release.xcconfig"; path = "Target Support Files/Pods-testesUnitariosTests/Pods-testesUnitariosTests.release.xcconfig"; sourceTree = "<group>"; };
		2C9DCB017A04FA15F6DA930E /* Pods_testesUnitarios_testesUnitariosUITests.framework */ = {isa = PBXFileReference; explicitFileType = wrapper.framework; includeInIndex = 0; path = Pods_testesUnitarios_testesUnitariosUITests.framework; sourceTree = BUILT_PRODUCTS_DIR; };
		8DFBABD9DC1B852EF5555D69 /* Pods-testesUnitarios-testesUnitariosUITests.release.xcconfig */ = {isa = PBXFileReference; includeInIndex = 1; lastKnownFileType = text.xcconfig; name = "Pods-testesUnitarios-testesUnitariosUITests.release.xcconfig"; path = "Target Support Files/Pods-testesUnitarios-testesUnitariosUITests/Pods-testesUnitarios-testesUnitariosUITests.release.xcconfig"; sourceTree = "<group>"; };
		A6E51A3BD9D905AF42E75B02 /* Pods-testesUnitarios.debug.xcconfig */ = {isa = PBXFileReference; includeInIndex = 1; lastKnownFileType = text.xcconfig; name = "Pods-testesUnitarios.debug.xcconfig"; path = "Target Support Files/Pods-testesUnitarios/Pods-testesUnitarios.debug.xcconfig"; sourceTree = "<group>"; };
		A8EA4A7F5E8040853110F767 /* Pods_testesUnitariosTests.framework */ = {isa = PBXFileReference; explicitFileType = wrapper.framework; includeInIndex = 0; path = Pods_testesUnitariosTests.framework; sourceTree = BUILT_PRODUCTS_DIR; };
		B821E68ACE53472F288B3FB0 /* Pods_testesUnitarios.framework */ = {isa = PBXFileReference; explicitFileType = wrapper.framework; includeInIndex = 0; path = Pods_testesUnitarios.framework; sourceTree = BUILT_PRODUCTS_DIR; };
		B923927F59DC3DF35FA9A80B /* Pods-testesUnitariosTests.debug.xcconfig */ = {isa = PBXFileReference; includeInIndex = 1; lastKnownFileType = text.xcconfig; name = "Pods-testesUnitariosTests.debug.xcconfig"; path = "Target Support Files/Pods-testesUnitariosTests/Pods-testesUnitariosTests.debug.xcconfig"; sourceTree = "<group>"; };
		E21A61E42BE149FE00A2670C /* StringUtilsTests.swift */ = {isa = PBXFileReference; lastKnownFileType = sourcecode.swift; path = StringUtilsTests.swift; sourceTree = "<group>"; };
		E21A61E62BE18B6C00A2670C /* BeforeEachAfterEachTests.swift */ = {isa = PBXFileReference; lastKnownFileType = sourcecode.swift; path = BeforeEachAfterEachTests.swift; sourceTree = "<group>"; };
		E2F4833D2BE0623E00A4D69C /* testesUnitarios.app */ = {isa = PBXFileReference; explicitFileType = wrapper.application; includeInIndex = 0; path = testesUnitarios.app; sourceTree = BUILT_PRODUCTS_DIR; };
		E2F483402BE0623E00A4D69C /* AppDelegate.swift */ = {isa = PBXFileReference; lastKnownFileType = sourcecode.swift; path = AppDelegate.swift; sourceTree = "<group>"; };
		E2F483422BE0623E00A4D69C /* SceneDelegate.swift */ = {isa = PBXFileReference; lastKnownFileType = sourcecode.swift; path = SceneDelegate.swift; sourceTree = "<group>"; };
		E2F483442BE0623E00A4D69C /* ViewController.swift */ = {isa = PBXFileReference; lastKnownFileType = sourcecode.swift; path = ViewController.swift; sourceTree = "<group>"; };
		E2F483472BE0623E00A4D69C /* Base */ = {isa = PBXFileReference; lastKnownFileType = file.storyboard; name = Base; path = Base.lproj/Main.storyboard; sourceTree = "<group>"; };
		E2F483492BE0624000A4D69C /* Assets.xcassets */ = {isa = PBXFileReference; lastKnownFileType = folder.assetcatalog; path = Assets.xcassets; sourceTree = "<group>"; };
		E2F4834C2BE0624000A4D69C /* Base */ = {isa = PBXFileReference; lastKnownFileType = file.storyboard; name = Base; path = Base.lproj/LaunchScreen.storyboard; sourceTree = "<group>"; };
		E2F4834E2BE0624000A4D69C /* Info.plist */ = {isa = PBXFileReference; lastKnownFileType = text.plist.xml; path = Info.plist; sourceTree = "<group>"; };
		E2F483532BE0624100A4D69C /* testesUnitariosTests.xctest */ = {isa = PBXFileReference; explicitFileType = wrapper.cfbundle; includeInIndex = 0; path = testesUnitariosTests.xctest; sourceTree = BUILT_PRODUCTS_DIR; };
		E2F483572BE0624100A4D69C /* testesUnitariosTests.swift */ = {isa = PBXFileReference; lastKnownFileType = sourcecode.swift; path = testesUnitariosTests.swift; sourceTree = "<group>"; };
		E2F4835D2BE0624100A4D69C /* testesUnitariosUITests.xctest */ = {isa = PBXFileReference; explicitFileType = wrapper.cfbundle; includeInIndex = 0; path = testesUnitariosUITests.xctest; sourceTree = BUILT_PRODUCTS_DIR; };
		E2F483612BE0624100A4D69C /* testesUnitariosUITests.swift */ = {isa = PBXFileReference; lastKnownFileType = sourcecode.swift; path = testesUnitariosUITests.swift; sourceTree = "<group>"; };
		E2F483632BE0624100A4D69C /* testesUnitariosUITestsLaunchTests.swift */ = {isa = PBXFileReference; lastKnownFileType = sourcecode.swift; path = testesUnitariosUITestsLaunchTests.swift; sourceTree = "<group>"; };
		E2F483732BE06DAE00A4D69C /* StringUtils.swift */ = {isa = PBXFileReference; lastKnownFileType = sourcecode.swift; name = StringUtils.swift; path = testesUnitarios/StringUtils.swift; sourceTree = SOURCE_ROOT; };
		E2F483752BE06E7E00A4D69C /* StringUtilsSpec.swift */ = {isa = PBXFileReference; lastKnownFileType = sourcecode.swift; path = StringUtilsSpec.swift; sourceTree = "<group>"; };
		E2F483772BE12B8900A4D69C /* AccountBalance.swift */ = {isa = PBXFileReference; lastKnownFileType = sourcecode.swift; path = AccountBalance.swift; sourceTree = "<group>"; };
		E2F483792BE12BE800A4D69C /* AccountBalanceSpec.swift */ = {isa = PBXFileReference; lastKnownFileType = sourcecode.swift; path = AccountBalanceSpec.swift; sourceTree = "<group>"; };
		E76193C48A713ECA986E09C0 /* Pods-testesUnitarios-testesUnitariosUITests.debug.xcconfig */ = {isa = PBXFileReference; includeInIndex = 1; lastKnownFileType = text.xcconfig; name = "Pods-testesUnitarios-testesUnitariosUITests.debug.xcconfig"; path = "Target Support Files/Pods-testesUnitarios-testesUnitariosUITests/Pods-testesUnitarios-testesUnitariosUITests.debug.xcconfig"; sourceTree = "<group>"; };
		EBCACA71D160147C0F1A074D /* Pods-testesUnitarios.release.xcconfig */ = {isa = PBXFileReference; includeInIndex = 1; lastKnownFileType = text.xcconfig; name = "Pods-testesUnitarios.release.xcconfig"; path = "Target Support Files/Pods-testesUnitarios/Pods-testesUnitarios.release.xcconfig"; sourceTree = "<group>"; };
/* End PBXFileReference section */

/* Begin PBXFrameworksBuildPhase section */
		E2F4833A2BE0623E00A4D69C /* Frameworks */ = {
			isa = PBXFrameworksBuildPhase;
			buildActionMask = 2147483647;
			files = (
				EAB97D249285B00855D43E98 /* Pods_testesUnitarios.framework in Frameworks */,
			);
			runOnlyForDeploymentPostprocessing = 0;
		};
		E2F483502BE0624100A4D69C /* Frameworks */ = {
			isa = PBXFrameworksBuildPhase;
			buildActionMask = 2147483647;
			files = (
				B7DC6B8ED185C2BA92B6D60E /* Pods_testesUnitariosTests.framework in Frameworks */,
			);
			runOnlyForDeploymentPostprocessing = 0;
		};
		E2F4835A2BE0624100A4D69C /* Frameworks */ = {
			isa = PBXFrameworksBuildPhase;
			buildActionMask = 2147483647;
			files = (
				789C710B51BFED7BF649A457 /* Pods_testesUnitarios_testesUnitariosUITests.framework in Frameworks */,
			);
			runOnlyForDeploymentPostprocessing = 0;
		};
/* End PBXFrameworksBuildPhase section */

/* Begin PBXGroup section */
		42A4DC71334061044B165C84 /* Pods */ = {
			isa = PBXGroup;
			children = (
				A6E51A3BD9D905AF42E75B02 /* Pods-testesUnitarios.debug.xcconfig */,
				EBCACA71D160147C0F1A074D /* Pods-testesUnitarios.release.xcconfig */,
				E76193C48A713ECA986E09C0 /* Pods-testesUnitarios-testesUnitariosUITests.debug.xcconfig */,
				8DFBABD9DC1B852EF5555D69 /* Pods-testesUnitarios-testesUnitariosUITests.release.xcconfig */,
				B923927F59DC3DF35FA9A80B /* Pods-testesUnitariosTests.debug.xcconfig */,
				25458D875C125BE46900E5C4 /* Pods-testesUnitariosTests.release.xcconfig */,
			);
			path = Pods;
			sourceTree = "<group>";
		};
		CF2472302458216765A0D114 /* Frameworks */ = {
			isa = PBXGroup;
			children = (
				B821E68ACE53472F288B3FB0 /* Pods_testesUnitarios.framework */,
				2C9DCB017A04FA15F6DA930E /* Pods_testesUnitarios_testesUnitariosUITests.framework */,
				A8EA4A7F5E8040853110F767 /* Pods_testesUnitariosTests.framework */,
			);
			name = Frameworks;
			sourceTree = "<group>";
		};
		E2F483342BE0623E00A4D69C = {
			isa = PBXGroup;
			children = (
				E2F4833F2BE0623E00A4D69C /* testesUnitarios */,
				E2F483562BE0624100A4D69C /* testesUnitariosTests */,
				E2F483602BE0624100A4D69C /* testesUnitariosUITests */,
				E2F4833E2BE0623E00A4D69C /* Products */,
				42A4DC71334061044B165C84 /* Pods */,
				CF2472302458216765A0D114 /* Frameworks */,
			);
			sourceTree = "<group>";
		};
		E2F4833E2BE0623E00A4D69C /* Products */ = {
			isa = PBXGroup;
			children = (
				E2F4833D2BE0623E00A4D69C /* testesUnitarios.app */,
				E2F483532BE0624100A4D69C /* testesUnitariosTests.xctest */,
				E2F4835D2BE0624100A4D69C /* testesUnitariosUITests.xctest */,
			);
			name = Products;
			sourceTree = "<group>";
		};
		E2F4833F2BE0623E00A4D69C /* testesUnitarios */ = {
			isa = PBXGroup;
			children = (
				E2F483402BE0623E00A4D69C /* AppDelegate.swift */,
				E2F483422BE0623E00A4D69C /* SceneDelegate.swift */,
				E2F483442BE0623E00A4D69C /* ViewController.swift */,
				E2F483462BE0623E00A4D69C /* Main.storyboard */,
				E2F483492BE0624000A4D69C /* Assets.xcassets */,
				E2F4834B2BE0624000A4D69C /* LaunchScreen.storyboard */,
				E2F4834E2BE0624000A4D69C /* Info.plist */,
				E2F483722BE06D6400A4D69C /* Utils */,
				E2F483772BE12B8900A4D69C /* AccountBalance.swift */,
			);
			path = testesUnitarios;
			sourceTree = "<group>";
		};
		E2F483562BE0624100A4D69C /* testesUnitariosTests */ = {
			isa = PBXGroup;
			children = (
				E2F483572BE0624100A4D69C /* testesUnitariosTests.swift */,
				E2F483752BE06E7E00A4D69C /* StringUtilsSpec.swift */,
				E21A61E42BE149FE00A2670C /* StringUtilsTests.swift */,
				E2F483792BE12BE800A4D69C /* AccountBalanceSpec.swift */,
				E21A61E62BE18B6C00A2670C /* BeforeEachAfterEachTests.swift */,
			);
			path = testesUnitariosTests;
			sourceTree = "<group>";
		};
		E2F483602BE0624100A4D69C /* testesUnitariosUITests */ = {
			isa = PBXGroup;
			children = (
				E2F483612BE0624100A4D69C /* testesUnitariosUITests.swift */,
				E2F483632BE0624100A4D69C /* testesUnitariosUITestsLaunchTests.swift */,
			);
			path = testesUnitariosUITests;
			sourceTree = "<group>";
		};
		E2F483722BE06D6400A4D69C /* Utils */ = {
			isa = PBXGroup;
			children = (
				E2F483732BE06DAE00A4D69C /* StringUtils.swift */,
			);
			path = Utils;
			sourceTree = "<group>";
		};
/* End PBXGroup section */

/* Begin PBXNativeTarget section */
		E2F4833C2BE0623E00A4D69C /* testesUnitarios */ = {
			isa = PBXNativeTarget;
			buildConfigurationList = E2F483672BE0624100A4D69C /* Build configuration list for PBXNativeTarget "testesUnitarios" */;
			buildPhases = (
				F9C183B7718EFEAF64C7F39B /* [CP] Check Pods Manifest.lock */,
				E2F483392BE0623E00A4D69C /* Sources */,
				E2F4833A2BE0623E00A4D69C /* Frameworks */,
				E2F4833B2BE0623E00A4D69C /* Resources */,
			);
			buildRules = (
			);
			dependencies = (
			);
			name = testesUnitarios;
			productName = testesUnitarios;
			productReference = E2F4833D2BE0623E00A4D69C /* testesUnitarios.app */;
			productType = "com.apple.product-type.application";
		};
		E2F483522BE0624100A4D69C /* testesUnitariosTests */ = {
			isa = PBXNativeTarget;
			buildConfigurationList = E2F4836A2BE0624100A4D69C /* Build configuration list for PBXNativeTarget "testesUnitariosTests" */;
			buildPhases = (
				544D87642CF5EFE3BEA66F35 /* [CP] Check Pods Manifest.lock */,
				E2F4834F2BE0624100A4D69C /* Sources */,
				E2F483502BE0624100A4D69C /* Frameworks */,
				E2F483512BE0624100A4D69C /* Resources */,
				713E4029F33D9F436BF74DE4 /* [CP] Embed Pods Frameworks */,
			);
			buildRules = (
			);
			dependencies = (
				E2F483552BE0624100A4D69C /* PBXTargetDependency */,
			);
			name = testesUnitariosTests;
			productName = testesUnitariosTests;
			productReference = E2F483532BE0624100A4D69C /* testesUnitariosTests.xctest */;
			productType = "com.apple.product-type.bundle.unit-test";
		};
		E2F4835C2BE0624100A4D69C /* testesUnitariosUITests */ = {
			isa = PBXNativeTarget;
			buildConfigurationList = E2F4836D2BE0624100A4D69C /* Build configuration list for PBXNativeTarget "testesUnitariosUITests" */;
			buildPhases = (
				E7E960827540BCFE8715D20A /* [CP] Check Pods Manifest.lock */,
				E2F483592BE0624100A4D69C /* Sources */,
				E2F4835A2BE0624100A4D69C /* Frameworks */,
				E2F4835B2BE0624100A4D69C /* Resources */,
			);
			buildRules = (
			);
			dependencies = (
				E2F4835F2BE0624100A4D69C /* PBXTargetDependency */,
			);
			name = testesUnitariosUITests;
			productName = testesUnitariosUITests;
			productReference = E2F4835D2BE0624100A4D69C /* testesUnitariosUITests.xctest */;
			productType = "com.apple.product-type.bundle.ui-testing";
		};
/* End PBXNativeTarget section */

/* Begin PBXProject section */
		E2F483352BE0623E00A4D69C /* Project object */ = {
			isa = PBXProject;
			attributes = {
				BuildIndependentTargetsInParallel = 1;
				LastSwiftUpdateCheck = 1530;
				LastUpgradeCheck = 1530;
				TargetAttributes = {
					E2F4833C2BE0623E00A4D69C = {
						CreatedOnToolsVersion = 15.3;
					};
					E2F483522BE0624100A4D69C = {
						CreatedOnToolsVersion = 15.3;
						TestTargetID = E2F4833C2BE0623E00A4D69C;
					};
					E2F4835C2BE0624100A4D69C = {
						CreatedOnToolsVersion = 15.3;
						TestTargetID = E2F4833C2BE0623E00A4D69C;
					};
				};
			};
			buildConfigurationList = E2F483382BE0623E00A4D69C /* Build configuration list for PBXProject "testesUnitarios" */;
			compatibilityVersion = "Xcode 14.0";
			developmentRegion = en;
			hasScannedForEncodings = 0;
			knownRegions = (
				en,
				Base,
			);
			mainGroup = E2F483342BE0623E00A4D69C;
			productRefGroup = E2F4833E2BE0623E00A4D69C /* Products */;
			projectDirPath = "";
			projectRoot = "";
			targets = (
				E2F4833C2BE0623E00A4D69C /* testesUnitarios */,
				E2F483522BE0624100A4D69C /* testesUnitariosTests */,
				E2F4835C2BE0624100A4D69C /* testesUnitariosUITests */,
			);
		};
/* End PBXProject section */

/* Begin PBXResourcesBuildPhase section */
		E2F4833B2BE0623E00A4D69C /* Resources */ = {
			isa = PBXResourcesBuildPhase;
			buildActionMask = 2147483647;
			files = (
				E2F4834A2BE0624000A4D69C /* Assets.xcassets in Resources */,
				E2F4834D2BE0624000A4D69C /* Base in Resources */,
				E2F483482BE0623E00A4D69C /* Base in Resources */,
			);
			runOnlyForDeploymentPostprocessing = 0;
		};
		E2F483512BE0624100A4D69C /* Resources */ = {
			isa = PBXResourcesBuildPhase;
			buildActionMask = 2147483647;
			files = (
			);
			runOnlyForDeploymentPostprocessing = 0;
		};
		E2F4835B2BE0624100A4D69C /* Resources */ = {
			isa = PBXResourcesBuildPhase;
			buildActionMask = 2147483647;
			files = (
			);
			runOnlyForDeploymentPostprocessing = 0;
		};
/* End PBXResourcesBuildPhase section */

/* Begin PBXShellScriptBuildPhase section */
		544D87642CF5EFE3BEA66F35 /* [CP] Check Pods Manifest.lock */ = {
			isa = PBXShellScriptBuildPhase;
			buildActionMask = 2147483647;
			files = (
			);
			inputFileListPaths = (
			);
			inputPaths = (
				"${PODS_PODFILE_DIR_PATH}/Podfile.lock",
				"${PODS_ROOT}/Manifest.lock",
			);
			name = "[CP] Check Pods Manifest.lock";
			outputFileListPaths = (
			);
			outputPaths = (
				"$(DERIVED_FILE_DIR)/Pods-testesUnitariosTests-checkManifestLockResult.txt",
			);
			runOnlyForDeploymentPostprocessing = 0;
			shellPath = /bin/sh;
			shellScript = "diff \"${PODS_PODFILE_DIR_PATH}/Podfile.lock\" \"${PODS_ROOT}/Manifest.lock\" > /dev/null\nif [ $? != 0 ] ; then\n    # print error to STDERR\n    echo \"error: The sandbox is not in sync with the Podfile.lock. Run 'pod install' or update your CocoaPods installation.\" >&2\n    exit 1\nfi\n# This output is used by Xcode 'outputs' to avoid re-running this script phase.\necho \"SUCCESS\" > \"${SCRIPT_OUTPUT_FILE_0}\"\n";
			showEnvVarsInLog = 0;
		};
		713E4029F33D9F436BF74DE4 /* [CP] Embed Pods Frameworks */ = {
			isa = PBXShellScriptBuildPhase;
			buildActionMask = 2147483647;
			files = (
			);
			inputFileListPaths = (
				"${PODS_ROOT}/Target Support Files/Pods-testesUnitariosTests/Pods-testesUnitariosTests-frameworks-${CONFIGURATION}-input-files.xcfilelist",
			);
			name = "[CP] Embed Pods Frameworks";
			outputFileListPaths = (
				"${PODS_ROOT}/Target Support Files/Pods-testesUnitariosTests/Pods-testesUnitariosTests-frameworks-${CONFIGURATION}-output-files.xcfilelist",
			);
			runOnlyForDeploymentPostprocessing = 0;
			shellPath = /bin/sh;
			shellScript = "\"${PODS_ROOT}/Target Support Files/Pods-testesUnitariosTests/Pods-testesUnitariosTests-frameworks.sh\"\n";
			showEnvVarsInLog = 0;
		};
		E7E960827540BCFE8715D20A /* [CP] Check Pods Manifest.lock */ = {
			isa = PBXShellScriptBuildPhase;
			buildActionMask = 2147483647;
			files = (
			);
			inputFileListPaths = (
			);
			inputPaths = (
				"${PODS_PODFILE_DIR_PATH}/Podfile.lock",
				"${PODS_ROOT}/Manifest.lock",
			);
			name = "[CP] Check Pods Manifest.lock";
			outputFileListPaths = (
			);
			outputPaths = (
				"$(DERIVED_FILE_DIR)/Pods-testesUnitarios-testesUnitariosUITests-checkManifestLockResult.txt",
			);
			runOnlyForDeploymentPostprocessing = 0;
			shellPath = /bin/sh;
			shellScript = "diff \"${PODS_PODFILE_DIR_PATH}/Podfile.lock\" \"${PODS_ROOT}/Manifest.lock\" > /dev/null\nif [ $? != 0 ] ; then\n    # print error to STDERR\n    echo \"error: The sandbox is not in sync with the Podfile.lock. Run 'pod install' or update your CocoaPods installation.\" >&2\n    exit 1\nfi\n# This output is used by Xcode 'outputs' to avoid re-running this script phase.\necho \"SUCCESS\" > \"${SCRIPT_OUTPUT_FILE_0}\"\n";
			showEnvVarsInLog = 0;
		};
		F9C183B7718EFEAF64C7F39B /* [CP] Check Pods Manifest.lock */ = {
			isa = PBXShellScriptBuildPhase;
			buildActionMask = 2147483647;
			files = (
			);
			inputFileListPaths = (
			);
			inputPaths = (
				"${PODS_PODFILE_DIR_PATH}/Podfile.lock",
				"${PODS_ROOT}/Manifest.lock",
			);
			name = "[CP] Check Pods Manifest.lock";
			outputFileListPaths = (
			);
			outputPaths = (
				"$(DERIVED_FILE_DIR)/Pods-testesUnitarios-checkManifestLockResult.txt",
			);
			runOnlyForDeploymentPostprocessing = 0;
			shellPath = /bin/sh;
			shellScript = "diff \"${PODS_PODFILE_DIR_PATH}/Podfile.lock\" \"${PODS_ROOT}/Manifest.lock\" > /dev/null\nif [ $? != 0 ] ; then\n    # print error to STDERR\n    echo \"error: The sandbox is not in sync with the Podfile.lock. Run 'pod install' or update your CocoaPods installation.\" >&2\n    exit 1\nfi\n# This output is used by Xcode 'outputs' to avoid re-running this script phase.\necho \"SUCCESS\" > \"${SCRIPT_OUTPUT_FILE_0}\"\n";
			showEnvVarsInLog = 0;
		};
/* End PBXShellScriptBuildPhase section */

/* Begin PBXSourcesBuildPhase section */
		E2F483392BE0623E00A4D69C /* Sources */ = {
			isa = PBXSourcesBuildPhase;
			buildActionMask = 2147483647;
			files = (
				E2F483742BE06DAE00A4D69C /* StringUtils.swift in Sources */,
				E2F483452BE0623E00A4D69C /* ViewController.swift in Sources */,
				E2F483412BE0623E00A4D69C /* AppDelegate.swift in Sources */,
				E2F483432BE0623E00A4D69C /* SceneDelegate.swift in Sources */,
				E2F483782BE12B8900A4D69C /* AccountBalance.swift in Sources */,
			);
			runOnlyForDeploymentPostprocessing = 0;
		};
		E2F4834F2BE0624100A4D69C /* Sources */ = {
			isa = PBXSourcesBuildPhase;
			buildActionMask = 2147483647;
			files = (
				E21A61E52BE149FE00A2670C /* StringUtilsTests.swift in Sources */,
				E2F483712BE064AC00A4D69C /* testesUnitariosTests.swift in Sources */,
				E2F483762BE06E7E00A4D69C /* StringUtilsSpec.swift in Sources */,
				E21A61E72BE18B6C00A2670C /* BeforeEachAfterEachTests.swift in Sources */,
				E2F4837A2BE12BE800A4D69C /* AccountBalanceSpec.swift in Sources */,
			);
			runOnlyForDeploymentPostprocessing = 0;
		};
		E2F483592BE0624100A4D69C /* Sources */ = {
			isa = PBXSourcesBuildPhase;
			buildActionMask = 2147483647;
			files = (
				E2F483622BE0624100A4D69C /* testesUnitariosUITests.swift in Sources */,
				E2F483642BE0624100A4D69C /* testesUnitariosUITestsLaunchTests.swift in Sources */,
			);
			runOnlyForDeploymentPostprocessing = 0;
		};
/* End PBXSourcesBuildPhase section */

/* Begin PBXTargetDependency section */
		E2F483552BE0624100A4D69C /* PBXTargetDependency */ = {
			isa = PBXTargetDependency;
			target = E2F4833C2BE0623E00A4D69C /* testesUnitarios */;
			targetProxy = E2F483542BE0624100A4D69C /* PBXContainerItemProxy */;
		};
		E2F4835F2BE0624100A4D69C /* PBXTargetDependency */ = {
			isa = PBXTargetDependency;
			target = E2F4833C2BE0623E00A4D69C /* testesUnitarios */;
			targetProxy = E2F4835E2BE0624100A4D69C /* PBXContainerItemProxy */;
		};
/* End PBXTargetDependency section */

/* Begin PBXVariantGroup section */
		E2F483462BE0623E00A4D69C /* Main.storyboard */ = {
			isa = PBXVariantGroup;
			children = (
				E2F483472BE0623E00A4D69C /* Base */,
			);
			name = Main.storyboard;
			sourceTree = "<group>";
		};
		E2F4834B2BE0624000A4D69C /* LaunchScreen.storyboard */ = {
			isa = PBXVariantGroup;
			children = (
				E2F4834C2BE0624000A4D69C /* Base */,
			);
			name = LaunchScreen.storyboard;
			sourceTree = "<group>";
		};
/* End PBXVariantGroup section */

/* Begin XCBuildConfiguration section */
		E2F483652BE0624100A4D69C /* Debug */ = {
			isa = XCBuildConfiguration;
			buildSettings = {
				ALWAYS_SEARCH_USER_PATHS = NO;
				ASSETCATALOG_COMPILER_GENERATE_SWIFT_ASSET_SYMBOL_EXTENSIONS = YES;
				CLANG_ANALYZER_NONNULL = YES;
				CLANG_ANALYZER_NUMBER_OBJECT_CONVERSION = YES_AGGRESSIVE;
				CLANG_CXX_LANGUAGE_STANDARD = "gnu++20";
				CLANG_ENABLE_MODULES = YES;
				CLANG_ENABLE_OBJC_ARC = YES;
				CLANG_ENABLE_OBJC_WEAK = YES;
				CLANG_WARN_BLOCK_CAPTURE_AUTORELEASING = YES;
				CLANG_WARN_BOOL_CONVERSION = YES;
				CLANG_WARN_COMMA = YES;
				CLANG_WARN_CONSTANT_CONVERSION = YES;
				CLANG_WARN_DEPRECATED_OBJC_IMPLEMENTATIONS = YES;
				CLANG_WARN_DIRECT_OBJC_ISA_USAGE = YES_ERROR;
				CLANG_WARN_DOCUMENTATION_COMMENTS = YES;
				CLANG_WARN_EMPTY_BODY = YES;
				CLANG_WARN_ENUM_CONVERSION = YES;
				CLANG_WARN_INFINITE_RECURSION = YES;
				CLANG_WARN_INT_CONVERSION = YES;
				CLANG_WARN_NON_LITERAL_NULL_CONVERSION = YES;
				CLANG_WARN_OBJC_IMPLICIT_RETAIN_SELF = YES;
				CLANG_WARN_OBJC_LITERAL_CONVERSION = YES;
				CLANG_WARN_OBJC_ROOT_CLASS = YES_ERROR;
				CLANG_WARN_QUOTED_INCLUDE_IN_FRAMEWORK_HEADER = YES;
				CLANG_WARN_RANGE_LOOP_ANALYSIS = YES;
				CLANG_WARN_STRICT_PROTOTYPES = YES;
				CLANG_WARN_SUSPICIOUS_MOVE = YES;
				CLANG_WARN_UNGUARDED_AVAILABILITY = YES_AGGRESSIVE;
				CLANG_WARN_UNREACHABLE_CODE = YES;
				CLANG_WARN__DUPLICATE_METHOD_MATCH = YES;
				COPY_PHASE_STRIP = NO;
				DEBUG_INFORMATION_FORMAT = dwarf;
				ENABLE_STRICT_OBJC_MSGSEND = YES;
				ENABLE_TESTABILITY = YES;
				ENABLE_USER_SCRIPT_SANDBOXING = NO;
				GCC_C_LANGUAGE_STANDARD = gnu17;
				GCC_DYNAMIC_NO_PIC = NO;
				GCC_NO_COMMON_BLOCKS = YES;
				GCC_OPTIMIZATION_LEVEL = 0;
				GCC_PREPROCESSOR_DEFINITIONS = (
					"DEBUG=1",
					"$(inherited)",
				);
				GCC_WARN_64_TO_32_BIT_CONVERSION = YES;
				GCC_WARN_ABOUT_RETURN_TYPE = YES_ERROR;
				GCC_WARN_UNDECLARED_SELECTOR = YES;
				GCC_WARN_UNINITIALIZED_AUTOS = YES_AGGRESSIVE;
				GCC_WARN_UNUSED_FUNCTION = YES;
				GCC_WARN_UNUSED_VARIABLE = YES;
				IPHONEOS_DEPLOYMENT_TARGET = 17.4;
				LOCALIZATION_PREFERS_STRING_CATALOGS = YES;
				MTL_ENABLE_DEBUG_INFO = INCLUDE_SOURCE;
				MTL_FAST_MATH = YES;
				ONLY_ACTIVE_ARCH = YES;
				SDKROOT = iphoneos;
				SWIFT_ACTIVE_COMPILATION_CONDITIONS = "DEBUG $(inherited)";
				SWIFT_OPTIMIZATION_LEVEL = "-Onone";
			};
			name = Debug;
		};
		E2F483662BE0624100A4D69C /* Release */ = {
			isa = XCBuildConfiguration;
			buildSettings = {
				ALWAYS_SEARCH_USER_PATHS = NO;
				ASSETCATALOG_COMPILER_GENERATE_SWIFT_ASSET_SYMBOL_EXTENSIONS = YES;
				CLANG_ANALYZER_NONNULL = YES;
				CLANG_ANALYZER_NUMBER_OBJECT_CONVERSION = YES_AGGRESSIVE;
				CLANG_CXX_LANGUAGE_STANDARD = "gnu++20";
				CLANG_ENABLE_MODULES = YES;
				CLANG_ENABLE_OBJC_ARC = YES;
				CLANG_ENABLE_OBJC_WEAK = YES;
				CLANG_WARN_BLOCK_CAPTURE_AUTORELEASING = YES;
				CLANG_WARN_BOOL_CONVERSION = YES;
				CLANG_WARN_COMMA = YES;
				CLANG_WARN_CONSTANT_CONVERSION = YES;
				CLANG_WARN_DEPRECATED_OBJC_IMPLEMENTATIONS = YES;
				CLANG_WARN_DIRECT_OBJC_ISA_USAGE = YES_ERROR;
				CLANG_WARN_DOCUMENTATION_COMMENTS = YES;
				CLANG_WARN_EMPTY_BODY = YES;
				CLANG_WARN_ENUM_CONVERSION = YES;
				CLANG_WARN_INFINITE_RECURSION = YES;
				CLANG_WARN_INT_CONVERSION = YES;
				CLANG_WARN_NON_LITERAL_NULL_CONVERSION = YES;
				CLANG_WARN_OBJC_IMPLICIT_RETAIN_SELF = YES;
				CLANG_WARN_OBJC_LITERAL_CONVERSION = YES;
				CLANG_WARN_OBJC_ROOT_CLASS = YES_ERROR;
				CLANG_WARN_QUOTED_INCLUDE_IN_FRAMEWORK_HEADER = YES;
				CLANG_WARN_RANGE_LOOP_ANALYSIS = YES;
				CLANG_WARN_STRICT_PROTOTYPES = YES;
				CLANG_WARN_SUSPICIOUS_MOVE = YES;
				CLANG_WARN_UNGUARDED_AVAILABILITY = YES_AGGRESSIVE;
				CLANG_WARN_UNREACHABLE_CODE = YES;
				CLANG_WARN__DUPLICATE_METHOD_MATCH = YES;
				COPY_PHASE_STRIP = NO;
				DEBUG_INFORMATION_FORMAT = "dwarf-with-dsym";
				ENABLE_NS_ASSERTIONS = NO;
				ENABLE_STRICT_OBJC_MSGSEND = YES;
				ENABLE_USER_SCRIPT_SANDBOXING = NO;
				GCC_C_LANGUAGE_STANDARD = gnu17;
				GCC_NO_COMMON_BLOCKS = YES;
				GCC_WARN_64_TO_32_BIT_CONVERSION = YES;
				GCC_WARN_ABOUT_RETURN_TYPE = YES_ERROR;
				GCC_WARN_UNDECLARED_SELECTOR = YES;
				GCC_WARN_UNINITIALIZED_AUTOS = YES_AGGRESSIVE;
				GCC_WARN_UNUSED_FUNCTION = YES;
				GCC_WARN_UNUSED_VARIABLE = YES;
				IPHONEOS_DEPLOYMENT_TARGET = 17.4;
				LOCALIZATION_PREFERS_STRING_CATALOGS = YES;
				MTL_ENABLE_DEBUG_INFO = NO;
				MTL_FAST_MATH = YES;
				SDKROOT = iphoneos;
				SWIFT_COMPILATION_MODE = wholemodule;
				VALIDATE_PRODUCT = YES;
			};
			name = Release;
		};
		E2F483682BE0624100A4D69C /* Debug */ = {
			isa = XCBuildConfiguration;
			baseConfigurationReference = A6E51A3BD9D905AF42E75B02 /* Pods-testesUnitarios.debug.xcconfig */;
			buildSettings = {
				ASSETCATALOG_COMPILER_APPICON_NAME = AppIcon;
				ASSETCATALOG_COMPILER_GLOBAL_ACCENT_COLOR_NAME = AccentColor;
				CODE_SIGN_STYLE = Automatic;
				CURRENT_PROJECT_VERSION = 1;
				DEVELOPMENT_TEAM = BQGJ26VU38;
				GENERATE_INFOPLIST_FILE = YES;
				INFOPLIST_FILE = testesUnitarios/Info.plist;
				INFOPLIST_KEY_UIApplicationSupportsIndirectInputEvents = YES;
				INFOPLIST_KEY_UILaunchStoryboardName = LaunchScreen;
				INFOPLIST_KEY_UIMainStoryboardFile = Main;
				INFOPLIST_KEY_UISupportedInterfaceOrientations_iPad = "UIInterfaceOrientationPortrait UIInterfaceOrientationPortraitUpsideDown UIInterfaceOrientationLandscapeLeft UIInterfaceOrientationLandscapeRight";
				INFOPLIST_KEY_UISupportedInterfaceOrientations_iPhone = "UIInterfaceOrientationPortrait UIInterfaceOrientationLandscapeLeft UIInterfaceOrientationLandscapeRight";
				LD_RUNPATH_SEARCH_PATHS = (
					"$(inherited)",
					"@executable_path/Frameworks",
				);
				MARKETING_VERSION = 1.0;
				PRODUCT_BUNDLE_IDENTIFIER = com.barbaracarmo.testesUnitarios;
				PRODUCT_NAME = "$(TARGET_NAME)";
				SWIFT_EMIT_LOC_STRINGS = YES;
				SWIFT_VERSION = 5.0;
				TARGETED_DEVICE_FAMILY = "1,2";
			};
			name = Debug;
		};
		E2F483692BE0624100A4D69C /* Release */ = {
			isa = XCBuildConfiguration;
			baseConfigurationReference = EBCACA71D160147C0F1A074D /* Pods-testesUnitarios.release.xcconfig */;
			buildSettings = {
				ASSETCATALOG_COMPILER_APPICON_NAME = AppIcon;
				ASSETCATALOG_COMPILER_GLOBAL_ACCENT_COLOR_NAME = AccentColor;
				CODE_SIGN_STYLE = Automatic;
				CURRENT_PROJECT_VERSION = 1;
				DEVELOPMENT_TEAM = BQGJ26VU38;
				GENERATE_INFOPLIST_FILE = YES;
				INFOPLIST_FILE = testesUnitarios/Info.plist;
				INFOPLIST_KEY_UIApplicationSupportsIndirectInputEvents = YES;
				INFOPLIST_KEY_UILaunchStoryboardName = LaunchScreen;
				INFOPLIST_KEY_UIMainStoryboardFile = Main;
				INFOPLIST_KEY_UISupportedInterfaceOrientations_iPad = "UIInterfaceOrientationPortrait UIInterfaceOrientationPortraitUpsideDown UIInterfaceOrientationLandscapeLeft UIInterfaceOrientationLandscapeRight";
				INFOPLIST_KEY_UISupportedInterfaceOrientations_iPhone = "UIInterfaceOrientationPortrait UIInterfaceOrientationLandscapeLeft UIInterfaceOrientationLandscapeRight";
				LD_RUNPATH_SEARCH_PATHS = (
					"$(inherited)",
					"@executable_path/Frameworks",
				);
				MARKETING_VERSION = 1.0;
				PRODUCT_BUNDLE_IDENTIFIER = com.barbaracarmo.testesUnitarios;
				PRODUCT_NAME = "$(TARGET_NAME)";
				SWIFT_EMIT_LOC_STRINGS = YES;
				SWIFT_VERSION = 5.0;
				TARGETED_DEVICE_FAMILY = "1,2";
			};
			name = Release;
		};
		E2F4836B2BE0624100A4D69C /* Debug */ = {
			isa = XCBuildConfiguration;
			baseConfigurationReference = B923927F59DC3DF35FA9A80B /* Pods-testesUnitariosTests.debug.xcconfig */;
			buildSettings = {
				ALWAYS_EMBED_SWIFT_STANDARD_LIBRARIES = YES;
				BUNDLE_LOADER = "$(TEST_HOST)";
				CODE_SIGN_STYLE = Automatic;
				CURRENT_PROJECT_VERSION = 1;
				DEVELOPMENT_TEAM = BQGJ26VU38;
				GENERATE_INFOPLIST_FILE = YES;
				IPHONEOS_DEPLOYMENT_TARGET = 17.4;
				MARKETING_VERSION = 1.0;
				PRODUCT_BUNDLE_IDENTIFIER = com.barbaracarmo.testesUnitariosTests;
				PRODUCT_NAME = "$(TARGET_NAME)";
				SWIFT_EMIT_LOC_STRINGS = NO;
				SWIFT_VERSION = 5.0;
				TARGETED_DEVICE_FAMILY = "1,2";
				TEST_HOST = "$(BUILT_PRODUCTS_DIR)/testesUnitarios.app/$(BUNDLE_EXECUTABLE_FOLDER_PATH)/testesUnitarios";
			};
			name = Debug;
		};
		E2F4836C2BE0624100A4D69C /* Release */ = {
			isa = XCBuildConfiguration;
			baseConfigurationReference = 25458D875C125BE46900E5C4 /* Pods-testesUnitariosTests.release.xcconfig */;
			buildSettings = {
				ALWAYS_EMBED_SWIFT_STANDARD_LIBRARIES = YES;
				BUNDLE_LOADER = "$(TEST_HOST)";
				CODE_SIGN_STYLE = Automatic;
				CURRENT_PROJECT_VERSION = 1;
				DEVELOPMENT_TEAM = BQGJ26VU38;
				GENERATE_INFOPLIST_FILE = YES;
				IPHONEOS_DEPLOYMENT_TARGET = 17.4;
				MARKETING_VERSION = 1.0;
				PRODUCT_BUNDLE_IDENTIFIER = com.barbaracarmo.testesUnitariosTests;
				PRODUCT_NAME = "$(TARGET_NAME)";
				SWIFT_EMIT_LOC_STRINGS = NO;
				SWIFT_VERSION = 5.0;
				TARGETED_DEVICE_FAMILY = "1,2";
				TEST_HOST = "$(BUILT_PRODUCTS_DIR)/testesUnitarios.app/$(BUNDLE_EXECUTABLE_FOLDER_PATH)/testesUnitarios";
			};
			name = Release;
		};
		E2F4836E2BE0624100A4D69C /* Debug */ = {
			isa = XCBuildConfiguration;
			baseConfigurationReference = E76193C48A713ECA986E09C0 /* Pods-testesUnitarios-testesUnitariosUITests.debug.xcconfig */;
			buildSettings = {
				ALWAYS_EMBED_SWIFT_STANDARD_LIBRARIES = YES;
				CODE_SIGN_STYLE = Automatic;
				CURRENT_PROJECT_VERSION = 1;
				DEVELOPMENT_TEAM = BQGJ26VU38;
				GENERATE_INFOPLIST_FILE = YES;
				MARKETING_VERSION = 1.0;
				PRODUCT_BUNDLE_IDENTIFIER = com.barbaracarmo.testesUnitariosUITests;
				PRODUCT_NAME = "$(TARGET_NAME)";
				SWIFT_EMIT_LOC_STRINGS = NO;
				SWIFT_VERSION = 5.0;
				TARGETED_DEVICE_FAMILY = "1,2";
				TEST_TARGET_NAME = testesUnitarios;
			};
			name = Debug;
		};
		E2F4836F2BE0624100A4D69C /* Release */ = {
			isa = XCBuildConfiguration;
			baseConfigurationReference = 8DFBABD9DC1B852EF5555D69 /* Pods-testesUnitarios-testesUnitariosUITests.release.xcconfig */;
			buildSettings = {
				ALWAYS_EMBED_SWIFT_STANDARD_LIBRARIES = YES;
				CODE_SIGN_STYLE = Automatic;
				CURRENT_PROJECT_VERSION = 1;
				DEVELOPMENT_TEAM = BQGJ26VU38;
				GENERATE_INFOPLIST_FILE = YES;
				MARKETING_VERSION = 1.0;
				PRODUCT_BUNDLE_IDENTIFIER = com.barbaracarmo.testesUnitariosUITests;
				PRODUCT_NAME = "$(TARGET_NAME)";
				SWIFT_EMIT_LOC_STRINGS = NO;
				SWIFT_VERSION = 5.0;
				TARGETED_DEVICE_FAMILY = "1,2";
				TEST_TARGET_NAME = testesUnitarios;
			};
			name = Release;
		};
/* End XCBuildConfiguration section */

/* Begin XCConfigurationList section */
		E2F483382BE0623E00A4D69C /* Build configuration list for PBXProject "testesUnitarios" */ = {
			isa = XCConfigurationList;
			buildConfigurations = (
				E2F483652BE0624100A4D69C /* Debug */,
				E2F483662BE0624100A4D69C /* Release */,
			);
			defaultConfigurationIsVisible = 0;
			defaultConfigurationName = Release;
		};
		E2F483672BE0624100A4D69C /* Build configuration list for PBXNativeTarget "testesUnitarios" */ = {
			isa = XCConfigurationList;
			buildConfigurations = (
				E2F483682BE0624100A4D69C /* Debug */,
				E2F483692BE0624100A4D69C /* Release */,
			);
			defaultConfigurationIsVisible = 0;
			defaultConfigurationName = Release;
		};
		E2F4836A2BE0624100A4D69C /* Build configuration list for PBXNativeTarget "testesUnitariosTests" */ = {
			isa = XCConfigurationList;
			buildConfigurations = (
				E2F4836B2BE0624100A4D69C /* Debug */,
				E2F4836C2BE0624100A4D69C /* Release */,
			);
			defaultConfigurationIsVisible = 0;
			defaultConfigurationName = Release;
		};
		E2F4836D2BE0624100A4D69C /* Build configuration list for PBXNativeTarget "testesUnitariosUITests" */ = {
			isa = XCConfigurationList;
			buildConfigurations = (
				E2F4836E2BE0624100A4D69C /* Debug */,
				E2F4836F2BE0624100A4D69C /* Release */,
			);
			defaultConfigurationIsVisible = 0;
			defaultConfigurationName = Release;
		};
/* End XCConfigurationList section */
	};
	rootObject = E2F483352BE0623E00A4D69C /* Project object */;
}
